<?xml version="1.0" encoding="utf-8"?>
<Project ToolsVersion="4.0" xmlns="http://schemas.microsoft.com/developer/msbuild/2003">
  <ItemGroup>
    <Filter Include="Source Dateien">
      <UniqueIdentifier>{4FC737F1-C7A5-4376-A066-2A32D752A2FF}</UniqueIdentifier>
      <Extensions>cpp;cxx;c;def</Extensions>
    </Filter>
    <Filter Include="Header Dateien">
      <UniqueIdentifier>{93995380-89BD-4b04-88EB-625FBE52EBFB}</UniqueIdentifier>
      <Extensions>h</Extensions>
    </Filter>
    <Filter Include="Form Dateien">
      <UniqueIdentifier>{99349809-55BA-4b9d-BF79-8FDBB0286EB3}</UniqueIdentifier>
      <Extensions>ui</Extensions>
    </Filter>
    <Filter Include="Resource Dateien">
      <UniqueIdentifier>{D9D6E242-F8AF-46E4-B9FD-80ECBC20BA3E}</UniqueIdentifier>
      <Extensions>qrc;*</Extensions>
      <ParseFiles>false</ParseFiles>
    </Filter>
    <Filter Include="Generierte Dateien">
      <UniqueIdentifier>{71ED8ED8-ACB9-4CE9-BBE1-E00B30144E11}</UniqueIdentifier>
      <Extensions>moc;h;cpp</Extensions>
      <SourceControlFiles>False</SourceControlFiles>
    </Filter>
    <Filter Include="Generierte Dateien\Debug">
      <UniqueIdentifier>{23d82a00-7b7e-4cf6-a03d-8071b5845eee}</UniqueIdentifier>
      <Extensions>cpp;moc</Extensions>
      <SourceControlFiles>False</SourceControlFiles>
    </Filter>
    <Filter Include="Generierte Dateien\Release">
      <UniqueIdentifier>{e5af71ee-1518-4d69-bb56-f38e9b6c5823}</UniqueIdentifier>
      <Extensions>cpp;moc</Extensions>
      <SourceControlFiles>False</SourceControlFiles>
    </Filter>
    <Filter Include="Header Dateien\Dialogs">
      <UniqueIdentifier>{7131f9ea-5e7a-4cbd-9b44-15f94a795a2e}</UniqueIdentifier>
    </Filter>
    <Filter Include="Source Dateien\Dialogs">
      <UniqueIdentifier>{408a367d-e40b-4080-8390-4e1c586c5a73}</UniqueIdentifier>
    </Filter>
    <Filter Include="Header Dateien\SQLite">
      <UniqueIdentifier>{09c1a5bc-4036-4114-bc49-99312e891209}</UniqueIdentifier>
    </Filter>
    <Filter Include="Source Dateien\SQLite">
      <UniqueIdentifier>{6f74e63e-5989-40f4-8b3d-047c24413a90}</UniqueIdentifier>
    </Filter>
    <Filter Include="Header Dateien\Updater">
      <UniqueIdentifier>{7843b617-f56c-4b09-96fd-095c24b42940}</UniqueIdentifier>
    </Filter>
    <Filter Include="Source Dateien\Updater">
      <UniqueIdentifier>{131afb2e-85b4-4aa2-8d52-b23865c0bc73}</UniqueIdentifier>
    </Filter>
    <Filter Include="Form Dateien\Updater">
      <UniqueIdentifier>{eabb0343-74ad-4f84-9a39-72e76ef7f251}</UniqueIdentifier>
    </Filter>
  </ItemGroup>
  <ItemGroup>
    <ClCompile Include="main.cpp">
      <Filter>Source Dateien</Filter>
    </ClCompile>
    <ClCompile Include="clsHelperClass.cpp">
      <Filter>Source Dateien</Filter>
    </ClCompile>
    <ClCompile Include="qtDLGNanomite.cpp">
      <Filter>Source Dateien\Dialogs</Filter>
    </ClCompile>
    <ClCompile Include="qtDLGAbout.cpp">
      <Filter>Source Dateien\Dialogs</Filter>
    </ClCompile>
    <ClCompile Include="clsDebugger\clsdebugger.cpp">
      <Filter>Source Dateien</Filter>
    </ClCompile>
    <ClCompile Include="qtDLGAttach.cpp">
      <Filter>Source Dateien\Dialogs</Filter>
    </ClCompile>
    <ClCompile Include="qtDLGDetailInfo.cpp">
      <Filter>Source Dateien\Dialogs</Filter>
    </ClCompile>
    <ClCompile Include="qtDLGDebugStrings.cpp">
      <Filter>Source Dateien\Dialogs</Filter>
    </ClCompile>
    <ClCompile Include="qtDLGOption.cpp">
      <Filter>Source Dateien\Dialogs</Filter>
    </ClCompile>
    <ClCompile Include="qtDLGBreakPointManager.cpp">
      <Filter>Source Dateien\Dialogs</Filter>
    </ClCompile>
    <ClCompile Include="qtDLGMemoryView.cpp">
      <Filter>Source Dateien\Dialogs</Filter>
    </ClCompile>
    <ClCompile Include="qtDLGHeapView.cpp">
      <Filter>Source Dateien\Dialogs</Filter>
    </ClCompile>
    <ClCompile Include="qtDLGStringView.cpp">
      <Filter>Source Dateien\Dialogs</Filter>
    </ClCompile>
    <ClCompile Include="qtDLGHandleView.cpp">
      <Filter>Source Dateien\Dialogs</Filter>
    </ClCompile>
    <ClCompile Include="qtDLGWindowView.cpp">
      <Filter>Source Dateien\Dialogs</Filter>
    </ClCompile>
    <ClCompile Include="clsAPIImport.cpp">
      <Filter>Source Dateien</Filter>
    </ClCompile>
    <ClCompile Include="qtDLGHexView.cpp">
      <Filter>Source Dateien\Dialogs</Filter>
    </ClCompile>
    <ClCompile Include="clsDisassembler.cpp">
      <Filter>Source Dateien</Filter>
    </ClCompile>
    <ClCompile Include="qtDLGRegEdit.cpp">
      <Filter>Source Dateien\Dialogs</Filter>
    </ClCompile>
    <ClCompile Include="clsSymbolAndSyntax.cpp">
      <Filter>Source Dateien</Filter>
    </ClCompile>
    <ClCompile Include="clsDBInterface.cpp">
      <Filter>Source Dateien</Filter>
    </ClCompile>
    <ClCompile Include="db_sqlite\sqlite3.c">
      <Filter>Source Dateien\SQLite</Filter>
    </ClCompile>
    <ClCompile Include="clsPEFile.cpp">
      <Filter>Source Dateien</Filter>
    </ClCompile>
    <ClCompile Include="clsPEManager.cpp">
      <Filter>Source Dateien</Filter>
    </ClCompile>
    <ClCompile Include="qtDLGPEEditor.cpp">
      <Filter>Source Dateien\Dialogs</Filter>
    </ClCompile>
    <ClCompile Include="clsCrashHandler.cpp">
      <Filter>Source Dateien</Filter>
    </ClCompile>
    <ClCompile Include="qtDLGNanomiteMenuActions.cpp">
      <Filter>Source Dateien\Dialogs</Filter>
    </ClCompile>
    <ClCompile Include="qtDLGSourceViewer.cpp">
      <Filter>Source Dateien\Dialogs</Filter>
    </ClCompile>
    <ClCompile Include="clsMemManager.cpp">
      <Filter>Source Dateien</Filter>
    </ClCompile>
    <ClCompile Include="clsDBManager.cpp">
      <Filter>Source Dateien</Filter>
    </ClCompile>
    <ClCompile Include="clsMemPool.cpp">
      <Filter>Source Dateien</Filter>
    </ClCompile>
    <ClCompile Include="clsDebugger\clsDebuggerCallbacks.cpp">
      <Filter>Source Dateien</Filter>
    </ClCompile>
    <ClCompile Include="clsDebugger\clsDebuggerPublicAPI.cpp">
      <Filter>Source Dateien</Filter>
    </ClCompile>
    <ClCompile Include="clsMemDump.cpp">
      <Filter>Source Dateien</Filter>
    </ClCompile>
    <ClCompile Include="qtDLGTrace.cpp">
      <Filter>Source Dateien\Dialogs</Filter>
    </ClCompile>
    <ClCompile Include="qtDLGFunctions.cpp">
      <Filter>Source Dateien\Dialogs</Filter>
    </ClCompile>
    <ClCompile Include="qtDLGAssembler.cpp">
      <Filter>Source Dateien\Dialogs</Filter>
    </ClCompile>
    <ClCompile Include="qtDLGRegisters.cpp">
      <Filter>Source Dateien\Dialogs</Filter>
    </ClCompile>
    <ClCompile Include="clsAppSettings.cpp">
      <Filter>Source Dateien</Filter>
    </ClCompile>
    <ClCompile Include="qtDLGCallstack.cpp">
      <Filter>Source Dateien\Dialogs</Filter>
    </ClCompile>
    <ClCompile Include="qtDLGStack.cpp">
      <Filter>Source Dateien\Dialogs</Filter>
    </ClCompile>
    <ClCompile Include="qtDLGLogView.cpp">
      <Filter>Source Dateien\Dialogs</Filter>
    </ClCompile>
    <ClCompile Include="qtDLGPatchManager.cpp">
      <Filter>Source Dateien\Dialogs</Filter>
    </ClCompile>
    <ClCompile Include="clsStringViewWorker.cpp">
      <Filter>Source Dateien</Filter>
    </ClCompile>
    <ClCompile Include="clsHexViewWorker.cpp">
      <Filter>Source Dateien</Filter>
    </ClCompile>
    <ClCompile Include="clsFunctionsViewWorker.cpp">
      <Filter>Source Dateien</Filter>
    </ClCompile>
    <ClCompile Include="qtDLGProcessPrivilege.cpp">
      <Filter>Source Dateien\Dialogs</Filter>
    </ClCompile>
    <ClCompile Include="qtDLGDisassembler.cpp">
      <Filter>Source Dateien\Dialogs</Filter>
    </ClCompile>
    <ClCompile Include="qtDLGTIBView.cpp">
      <Filter>Source Dateien\Dialogs</Filter>
    </ClCompile>
    <ClCompile Include="qtDLGPEBView.cpp">
      <Filter>Source Dateien\Dialogs</Filter>
    </ClCompile>
    <ClCompile Include="qtDLGExceptionAsk.cpp">
      <Filter>Source Dateien\Dialogs</Filter>
    </ClCompile>
    <ClCompile Include="qtDLGExceptionEdit.cpp">
      <Filter>Source Dateien\Dialogs</Filter>
    </ClCompile>
    <ClCompile Include="TempOutput\GeneratedFiles\Debug\moc_qtDLGWindowView.cpp">
      <Filter>Generierte Dateien\Debug</Filter>
    </ClCompile>
    <ClCompile Include="TempOutput\GeneratedFiles\Release\moc_qtDLGWindowView.cpp">
      <Filter>Generierte Dateien\Release</Filter>
    </ClCompile>
    <ClCompile Include="TempOutput\GeneratedFiles\Debug\moc_qtDLGTrace.cpp">
      <Filter>Generierte Dateien\Debug</Filter>
    </ClCompile>
    <ClCompile Include="TempOutput\GeneratedFiles\Release\moc_qtDLGTrace.cpp">
      <Filter>Generierte Dateien\Release</Filter>
    </ClCompile>
    <ClCompile Include="TempOutput\GeneratedFiles\Debug\moc_qtDLGTIBView.cpp">
      <Filter>Generierte Dateien\Debug</Filter>
    </ClCompile>
    <ClCompile Include="TempOutput\GeneratedFiles\Release\moc_qtDLGTIBView.cpp">
      <Filter>Generierte Dateien\Release</Filter>
    </ClCompile>
    <ClCompile Include="TempOutput\GeneratedFiles\Debug\moc_qtDLGStringView.cpp">
      <Filter>Generierte Dateien\Debug</Filter>
    </ClCompile>
    <ClCompile Include="TempOutput\GeneratedFiles\Release\moc_qtDLGStringView.cpp">
      <Filter>Generierte Dateien\Release</Filter>
    </ClCompile>
    <ClCompile Include="TempOutput\GeneratedFiles\Debug\moc_qtDLGStack.cpp">
      <Filter>Generierte Dateien\Debug</Filter>
    </ClCompile>
    <ClCompile Include="TempOutput\GeneratedFiles\Release\moc_qtDLGStack.cpp">
      <Filter>Generierte Dateien\Release</Filter>
    </ClCompile>
    <ClCompile Include="TempOutput\GeneratedFiles\Debug\moc_qtDLGSourceViewer.cpp">
      <Filter>Generierte Dateien\Debug</Filter>
    </ClCompile>
    <ClCompile Include="TempOutput\GeneratedFiles\Release\moc_qtDLGSourceViewer.cpp">
      <Filter>Generierte Dateien\Release</Filter>
    </ClCompile>
    <ClCompile Include="TempOutput\GeneratedFiles\Debug\moc_qtDLGRegisters.cpp">
      <Filter>Generierte Dateien\Debug</Filter>
    </ClCompile>
    <ClCompile Include="TempOutput\GeneratedFiles\Release\moc_qtDLGRegisters.cpp">
      <Filter>Generierte Dateien\Release</Filter>
    </ClCompile>
    <ClCompile Include="TempOutput\GeneratedFiles\Debug\moc_qtDLGRegEdit.cpp">
      <Filter>Generierte Dateien\Debug</Filter>
    </ClCompile>
    <ClCompile Include="TempOutput\GeneratedFiles\Release\moc_qtDLGRegEdit.cpp">
      <Filter>Generierte Dateien\Release</Filter>
    </ClCompile>
    <ClCompile Include="TempOutput\GeneratedFiles\Debug\moc_qtDLGProcessPrivilege.cpp">
      <Filter>Generierte Dateien\Debug</Filter>
    </ClCompile>
    <ClCompile Include="TempOutput\GeneratedFiles\Release\moc_qtDLGProcessPrivilege.cpp">
      <Filter>Generierte Dateien\Release</Filter>
    </ClCompile>
    <ClCompile Include="TempOutput\GeneratedFiles\Debug\moc_qtDLGPEEditor.cpp">
      <Filter>Generierte Dateien\Debug</Filter>
    </ClCompile>
    <ClCompile Include="TempOutput\GeneratedFiles\Release\moc_qtDLGPEEditor.cpp">
      <Filter>Generierte Dateien\Release</Filter>
    </ClCompile>
    <ClCompile Include="TempOutput\GeneratedFiles\Debug\moc_qtDLGPEBView.cpp">
      <Filter>Generierte Dateien\Debug</Filter>
    </ClCompile>
    <ClCompile Include="TempOutput\GeneratedFiles\Release\moc_qtDLGPEBView.cpp">
      <Filter>Generierte Dateien\Release</Filter>
    </ClCompile>
    <ClCompile Include="TempOutput\GeneratedFiles\Debug\moc_qtDLGPatchManager.cpp">
      <Filter>Generierte Dateien\Debug</Filter>
    </ClCompile>
    <ClCompile Include="TempOutput\GeneratedFiles\Release\moc_qtDLGPatchManager.cpp">
      <Filter>Generierte Dateien\Release</Filter>
    </ClCompile>
    <ClCompile Include="TempOutput\GeneratedFiles\Debug\moc_qtDLGOption.cpp">
      <Filter>Generierte Dateien\Debug</Filter>
    </ClCompile>
    <ClCompile Include="TempOutput\GeneratedFiles\Release\moc_qtDLGOption.cpp">
      <Filter>Generierte Dateien\Release</Filter>
    </ClCompile>
    <ClCompile Include="TempOutput\GeneratedFiles\Debug\moc_qtDLGNanomite.cpp">
      <Filter>Generierte Dateien\Debug</Filter>
    </ClCompile>
    <ClCompile Include="TempOutput\GeneratedFiles\Release\moc_qtDLGNanomite.cpp">
      <Filter>Generierte Dateien\Release</Filter>
    </ClCompile>
    <ClCompile Include="TempOutput\GeneratedFiles\Debug\moc_qtDLGMemoryView.cpp">
      <Filter>Generierte Dateien\Debug</Filter>
    </ClCompile>
    <ClCompile Include="TempOutput\GeneratedFiles\Release\moc_qtDLGMemoryView.cpp">
      <Filter>Generierte Dateien\Release</Filter>
    </ClCompile>
    <ClCompile Include="TempOutput\GeneratedFiles\Debug\moc_qtDLGLogView.cpp">
      <Filter>Generierte Dateien\Debug</Filter>
    </ClCompile>
    <ClCompile Include="TempOutput\GeneratedFiles\Release\moc_qtDLGLogView.cpp">
      <Filter>Generierte Dateien\Release</Filter>
    </ClCompile>
    <ClCompile Include="TempOutput\GeneratedFiles\Debug\moc_qtDLGHexView.cpp">
      <Filter>Generierte Dateien\Debug</Filter>
    </ClCompile>
    <ClCompile Include="TempOutput\GeneratedFiles\Release\moc_qtDLGHexView.cpp">
      <Filter>Generierte Dateien\Release</Filter>
    </ClCompile>
    <ClCompile Include="TempOutput\GeneratedFiles\Debug\moc_qtDLGHeapView.cpp">
      <Filter>Generierte Dateien\Debug</Filter>
    </ClCompile>
    <ClCompile Include="TempOutput\GeneratedFiles\Release\moc_qtDLGHeapView.cpp">
      <Filter>Generierte Dateien\Release</Filter>
    </ClCompile>
    <ClCompile Include="TempOutput\GeneratedFiles\Debug\moc_qtDLGHandleView.cpp">
      <Filter>Generierte Dateien\Debug</Filter>
    </ClCompile>
    <ClCompile Include="TempOutput\GeneratedFiles\Release\moc_qtDLGHandleView.cpp">
      <Filter>Generierte Dateien\Release</Filter>
    </ClCompile>
    <ClCompile Include="TempOutput\GeneratedFiles\Debug\moc_qtDLGFunctions.cpp">
      <Filter>Generierte Dateien\Debug</Filter>
    </ClCompile>
    <ClCompile Include="TempOutput\GeneratedFiles\Release\moc_qtDLGFunctions.cpp">
      <Filter>Generierte Dateien\Release</Filter>
    </ClCompile>
    <ClCompile Include="TempOutput\GeneratedFiles\Debug\moc_qtDLGExceptionEdit.cpp">
      <Filter>Generierte Dateien\Debug</Filter>
    </ClCompile>
    <ClCompile Include="TempOutput\GeneratedFiles\Release\moc_qtDLGExceptionEdit.cpp">
      <Filter>Generierte Dateien\Release</Filter>
    </ClCompile>
    <ClCompile Include="TempOutput\GeneratedFiles\Debug\moc_qtDLGExceptionAsk.cpp">
      <Filter>Generierte Dateien\Debug</Filter>
    </ClCompile>
    <ClCompile Include="TempOutput\GeneratedFiles\Release\moc_qtDLGExceptionAsk.cpp">
      <Filter>Generierte Dateien\Release</Filter>
    </ClCompile>
    <ClCompile Include="TempOutput\GeneratedFiles\Debug\moc_qtDLGDisassembler.cpp">
      <Filter>Generierte Dateien\Debug</Filter>
    </ClCompile>
    <ClCompile Include="TempOutput\GeneratedFiles\Release\moc_qtDLGDisassembler.cpp">
      <Filter>Generierte Dateien\Release</Filter>
    </ClCompile>
    <ClCompile Include="TempOutput\GeneratedFiles\Debug\moc_qtDLGDetailInfo.cpp">
      <Filter>Generierte Dateien\Debug</Filter>
    </ClCompile>
    <ClCompile Include="TempOutput\GeneratedFiles\Release\moc_qtDLGDetailInfo.cpp">
      <Filter>Generierte Dateien\Release</Filter>
    </ClCompile>
    <ClCompile Include="TempOutput\GeneratedFiles\Debug\moc_qtDLGDebugStrings.cpp">
      <Filter>Generierte Dateien\Debug</Filter>
    </ClCompile>
    <ClCompile Include="TempOutput\GeneratedFiles\Release\moc_qtDLGDebugStrings.cpp">
      <Filter>Generierte Dateien\Release</Filter>
    </ClCompile>
    <ClCompile Include="TempOutput\GeneratedFiles\Debug\moc_qtDLGCallstack.cpp">
      <Filter>Generierte Dateien\Debug</Filter>
    </ClCompile>
    <ClCompile Include="TempOutput\GeneratedFiles\Release\moc_qtDLGCallstack.cpp">
      <Filter>Generierte Dateien\Release</Filter>
    </ClCompile>
    <ClCompile Include="TempOutput\GeneratedFiles\Debug\moc_qtDLGBreakPointManager.cpp">
      <Filter>Generierte Dateien\Debug</Filter>
    </ClCompile>
    <ClCompile Include="TempOutput\GeneratedFiles\Release\moc_qtDLGBreakPointManager.cpp">
      <Filter>Generierte Dateien\Release</Filter>
    </ClCompile>
    <ClCompile Include="TempOutput\GeneratedFiles\Debug\moc_qtDLGAttach.cpp">
      <Filter>Generierte Dateien\Debug</Filter>
    </ClCompile>
    <ClCompile Include="TempOutput\GeneratedFiles\Release\moc_qtDLGAttach.cpp">
      <Filter>Generierte Dateien\Release</Filter>
    </ClCompile>
    <ClCompile Include="TempOutput\GeneratedFiles\Debug\moc_qtDLGAssembler.cpp">
      <Filter>Generierte Dateien\Debug</Filter>
    </ClCompile>
    <ClCompile Include="TempOutput\GeneratedFiles\Release\moc_qtDLGAssembler.cpp">
      <Filter>Generierte Dateien\Release</Filter>
    </ClCompile>
    <ClCompile Include="TempOutput\GeneratedFiles\Debug\moc_qtDLGAbout.cpp">
      <Filter>Generierte Dateien\Debug</Filter>
    </ClCompile>
    <ClCompile Include="TempOutput\GeneratedFiles\Release\moc_qtDLGAbout.cpp">
      <Filter>Generierte Dateien\Release</Filter>
    </ClCompile>
    <ClCompile Include="TempOutput\GeneratedFiles\Debug\moc_clsStringViewWorker.cpp">
      <Filter>Generierte Dateien\Debug</Filter>
    </ClCompile>
    <ClCompile Include="TempOutput\GeneratedFiles\Release\moc_clsStringViewWorker.cpp">
      <Filter>Generierte Dateien\Release</Filter>
    </ClCompile>
    <ClCompile Include="TempOutput\GeneratedFiles\Debug\moc_clsPEManager.cpp">
      <Filter>Generierte Dateien\Debug</Filter>
    </ClCompile>
    <ClCompile Include="TempOutput\GeneratedFiles\Release\moc_clsPEManager.cpp">
      <Filter>Generierte Dateien\Release</Filter>
    </ClCompile>
    <ClCompile Include="TempOutput\GeneratedFiles\Debug\moc_clsHexViewWorker.cpp">
      <Filter>Generierte Dateien\Debug</Filter>
    </ClCompile>
    <ClCompile Include="TempOutput\GeneratedFiles\Release\moc_clsHexViewWorker.cpp">
      <Filter>Generierte Dateien\Release</Filter>
    </ClCompile>
    <ClCompile Include="TempOutput\GeneratedFiles\Debug\moc_clsFunctionsViewWorker.cpp">
      <Filter>Generierte Dateien\Debug</Filter>
    </ClCompile>
    <ClCompile Include="TempOutput\GeneratedFiles\Release\moc_clsFunctionsViewWorker.cpp">
      <Filter>Generierte Dateien\Release</Filter>
    </ClCompile>
    <ClCompile Include="TempOutput\GeneratedFiles\Debug\moc_clsDisassembler.cpp">
      <Filter>Generierte Dateien\Debug</Filter>
    </ClCompile>
    <ClCompile Include="TempOutput\GeneratedFiles\Release\moc_clsDisassembler.cpp">
      <Filter>Generierte Dateien\Release</Filter>
    </ClCompile>
    <ClCompile Include="TempOutput\GeneratedFiles\Debug\moc_clsDebugger.cpp">
      <Filter>Generierte Dateien\Debug</Filter>
    </ClCompile>
    <ClCompile Include="TempOutput\GeneratedFiles\Release\moc_clsDebugger.cpp">
      <Filter>Generierte Dateien\Release</Filter>
    </ClCompile>
    <ClCompile Include="TempOutput\GeneratedFiles\Debug\moc_clsAppSettings.cpp">
      <Filter>Generierte Dateien\Debug</Filter>
    </ClCompile>
    <ClCompile Include="TempOutput\GeneratedFiles\Release\moc_clsAppSettings.cpp">
      <Filter>Generierte Dateien\Release</Filter>
    </ClCompile>
    <ClCompile Include="TempOutput\GeneratedFiles\qrc_qtDLGNanomite.cpp">
      <Filter>Generierte Dateien</Filter>
    </ClCompile>
    <ClCompile Include="TempOutput\GeneratedFiles\Debug\moc_ucheckupdateswidget.cpp">
      <Filter>Generierte Dateien\Debug</Filter>
    </ClCompile>
    <ClCompile Include="TempOutput\GeneratedFiles\Release\moc_ucheckupdateswidget.cpp">
      <Filter>Generierte Dateien\Release</Filter>
    </ClCompile>
    <ClCompile Include="TempOutput\GeneratedFiles\Debug\moc_ufiledownloader.cpp">
      <Filter>Generierte Dateien\Debug</Filter>
    </ClCompile>
    <ClCompile Include="TempOutput\GeneratedFiles\Release\moc_ufiledownloader.cpp">
      <Filter>Generierte Dateien\Release</Filter>
    </ClCompile>
    <ClCompile Include="TempOutput\GeneratedFiles\Debug\moc_uupdatesmodel.cpp">
      <Filter>Generierte Dateien\Debug</Filter>
    </ClCompile>
    <ClCompile Include="TempOutput\GeneratedFiles\Release\moc_uupdatesmodel.cpp">
      <Filter>Generierte Dateien\Release</Filter>
    </ClCompile>
    <ClCompile Include="TempOutput\GeneratedFiles\Debug\moc_uupdatestableview.cpp">
      <Filter>Generierte Dateien\Debug</Filter>
    </ClCompile>
    <ClCompile Include="TempOutput\GeneratedFiles\Release\moc_uupdatestableview.cpp">
      <Filter>Generierte Dateien\Release</Filter>
    </ClCompile>
    <ClCompile Include="TempOutput\GeneratedFiles\Debug\moc_uupdatewidget.cpp">
      <Filter>Generierte Dateien\Debug</Filter>
    </ClCompile>
    <ClCompile Include="TempOutput\GeneratedFiles\Release\moc_uupdatewidget.cpp">
      <Filter>Generierte Dateien\Release</Filter>
    </ClCompile>
    <ClCompile Include="..\NanomiteUpdater\UpdaterWidget\ucheckupdateswidget.cpp">
      <Filter>Source Dateien\Updater</Filter>
    </ClCompile>
    <ClCompile Include="..\NanomiteUpdater\UpdaterWidget\ufiledownloader.cpp">
      <Filter>Source Dateien\Updater</Filter>
    </ClCompile>
    <ClCompile Include="..\NanomiteUpdater\UpdaterWidget\updateitem.cpp">
      <Filter>Source Dateien\Updater</Filter>
    </ClCompile>
    <ClCompile Include="..\NanomiteUpdater\UpdaterWidget\usettingsreader.cpp">
      <Filter>Source Dateien\Updater</Filter>
    </ClCompile>
    <ClCompile Include="..\NanomiteUpdater\UpdaterWidget\uupdatesmodel.cpp">
      <Filter>Source Dateien\Updater</Filter>
    </ClCompile>
    <ClCompile Include="..\NanomiteUpdater\UpdaterWidget\uupdatestableview.cpp">
      <Filter>Source Dateien\Updater</Filter>
    </ClCompile>
    <ClCompile Include="..\NanomiteUpdater\UpdaterWidget\uupdatewidget.cpp">
      <Filter>Source Dateien\Updater</Filter>
    </ClCompile>
    <ClCompile Include="qtDLGOpenNewFile.cpp">
      <Filter>Source Dateien\Dialogs</Filter>
    </ClCompile>
    <ClCompile Include="TempOutput\GeneratedFiles\Debug\moc_qtDLGOpenNewFile.cpp">
      <Filter>Generierte Dateien\Debug</Filter>
    </ClCompile>
    <ClCompile Include="TempOutput\GeneratedFiles\Release\moc_qtDLGOpenNewFile.cpp">
      <Filter>Generierte Dateien\Release</Filter>
    </ClCompile>
    <ClCompile Include="qtDLGGoToDialog.cpp">
      <Filter>Source Dateien\Dialogs</Filter>
    </ClCompile>
    <ClCompile Include="TempOutput\GeneratedFiles\Debug\moc_qtDLGGoToDialog.cpp">
      <Filter>Generierte Dateien\Debug</Filter>
    </ClCompile>
    <ClCompile Include="TempOutput\GeneratedFiles\Release\moc_qtDLGGoToDialog.cpp">
      <Filter>Generierte Dateien\Release</Filter>
    </ClCompile>
    <ClCompile Include="clsProcessDump.cpp">
      <Filter>Source Dateien</Filter>
    </ClCompile>
    <ClCompile Include="clsBreakpointSoftware.cpp">
      <Filter>Source Dateien</Filter>
    </ClCompile>
    <ClCompile Include="clsBreakpointMemory.cpp">
      <Filter>Source Dateien</Filter>
    </ClCompile>
    <ClCompile Include="clsBreakpointHardware.cpp">
      <Filter>Source Dateien</Filter>
    </ClCompile>
    <ClCompile Include="clsBreakpointManager.cpp">
      <Filter>Source Dateien</Filter>
    </ClCompile>
    <ClCompile Include="TempOutput\GeneratedFiles\Debug\moc_clsBreakpointManager.cpp">
      <Filter>Generierte Dateien\Debug</Filter>
    </ClCompile>
    <ClCompile Include="TempOutput\GeneratedFiles\Release\moc_clsBreakpointManager.cpp">
      <Filter>Generierte Dateien\Release</Filter>
    </ClCompile>
  </ItemGroup>
  <ItemGroup>
    <CustomBuild Include="qtDLGNanomite.ui">
      <Filter>Form Dateien</Filter>
    </CustomBuild>
    <CustomBuild Include="qtDLGNanomite.qrc">
      <Filter>Resource Dateien</Filter>
    </CustomBuild>
    <CustomBuild Include="clsHelperClass.h">
      <Filter>Header Dateien</Filter>
    </CustomBuild>
    <CustomBuild Include="qtDLGAbout.ui">
      <Filter>Form Dateien</Filter>
    </CustomBuild>
    <CustomBuild Include="qtDLGAbout.h">
      <Filter>Header Dateien\Dialogs</Filter>
    </CustomBuild>
    <CustomBuild Include="qtDLGNanomite.h">
      <Filter>Header Dateien\Dialogs</Filter>
    </CustomBuild>
    <CustomBuild Include="clsDebugger\clsDebugger.h">
      <Filter>Header Dateien</Filter>
    </CustomBuild>
    <CustomBuild Include="qtDLGAttach.ui">
      <Filter>Form Dateien</Filter>
    </CustomBuild>
    <CustomBuild Include="qtDLGAttach.h">
      <Filter>Header Dateien\Dialogs</Filter>
    </CustomBuild>
    <CustomBuild Include="qtDLGDetailInfo.ui">
      <Filter>Form Dateien</Filter>
    </CustomBuild>
    <CustomBuild Include="qtDLGDetailInfo.h">
      <Filter>Header Dateien\Dialogs</Filter>
    </CustomBuild>
    <CustomBuild Include="qtDLGDebugStrings.ui">
      <Filter>Form Dateien</Filter>
    </CustomBuild>
    <CustomBuild Include="qtDLGDebugStrings.h">
      <Filter>Header Dateien\Dialogs</Filter>
    </CustomBuild>
    <CustomBuild Include="qtDLGOption.ui">
      <Filter>Form Dateien</Filter>
    </CustomBuild>
    <CustomBuild Include="qtDLGOption.h">
      <Filter>Header Dateien\Dialogs</Filter>
    </CustomBuild>
    <CustomBuild Include="qtDLGBreakPointManager.ui">
      <Filter>Form Dateien</Filter>
    </CustomBuild>
    <CustomBuild Include="qtDLGBreakPointManager.h">
      <Filter>Header Dateien\Dialogs</Filter>
    </CustomBuild>
    <CustomBuild Include="qtDLGMemoryView.ui">
      <Filter>Form Dateien</Filter>
    </CustomBuild>
    <CustomBuild Include="qtDLGMemoryView.h">
      <Filter>Header Dateien\Dialogs</Filter>
    </CustomBuild>
    <CustomBuild Include="qtDLGHeapView.ui">
      <Filter>Form Dateien</Filter>
    </CustomBuild>
    <CustomBuild Include="qtDLGHeapView.h">
      <Filter>Header Dateien\Dialogs</Filter>
    </CustomBuild>
    <CustomBuild Include="qtDLGStringView.ui">
      <Filter>Form Dateien</Filter>
    </CustomBuild>
    <CustomBuild Include="qtDLGStringView.h">
      <Filter>Header Dateien\Dialogs</Filter>
    </CustomBuild>
    <CustomBuild Include="qtDLGHandleView.h">
      <Filter>Header Dateien\Dialogs</Filter>
    </CustomBuild>
    <CustomBuild Include="qtDLGHandleView.ui">
      <Filter>Form Dateien</Filter>
    </CustomBuild>
    <CustomBuild Include="qtDLGWindowView.h">
      <Filter>Header Dateien\Dialogs</Filter>
    </CustomBuild>
    <CustomBuild Include="qtDLGHexView.ui">
      <Filter>Form Dateien</Filter>
    </CustomBuild>
    <CustomBuild Include="qtDLGHexView.h">
      <Filter>Header Dateien\Dialogs</Filter>
    </CustomBuild>
    <CustomBuild Include="clsDisassembler.h">
      <Filter>Header Dateien</Filter>
    </CustomBuild>
    <CustomBuild Include="qtDLGRegEdit.h">
      <Filter>Header Dateien\Dialogs</Filter>
    </CustomBuild>
    <CustomBuild Include="qtDLGRegEdit86.ui">
      <Filter>Form Dateien</Filter>
    </CustomBuild>
    <CustomBuild Include="qtDLGRegEdit64.ui">
      <Filter>Form Dateien</Filter>
    </CustomBuild>
    <CustomBuild Include="qtDLGWindowView.ui">
      <Filter>Form Dateien</Filter>
    </CustomBuild>
    <CustomBuild Include="clsDBInterface.h">
      <Filter>Header Dateien</Filter>
    </CustomBuild>
    <CustomBuild Include="clsPEManager.h">
      <Filter>Header Dateien</Filter>
    </CustomBuild>
    <CustomBuild Include="qtDLGPEEditor.ui">
      <Filter>Form Dateien</Filter>
    </CustomBuild>
    <CustomBuild Include="qtDLGPEEditor.h">
      <Filter>Header Dateien\Dialogs</Filter>
    </CustomBuild>
    <CustomBuild Include="qtDLGSourceViewer.ui">
      <Filter>Form Dateien</Filter>
    </CustomBuild>
    <CustomBuild Include="qtDLGSourceViewer.h">
      <Filter>Header Dateien\Dialogs</Filter>
    </CustomBuild>
    <CustomBuild Include="qtDLGTrace.ui">
      <Filter>Form Dateien</Filter>
    </CustomBuild>
    <CustomBuild Include="qtDLGTrace.h">
      <Filter>Header Dateien\Dialogs</Filter>
    </CustomBuild>
    <CustomBuild Include="qtDLGFunctions.ui">
      <Filter>Form Dateien</Filter>
    </CustomBuild>
    <CustomBuild Include="qtDLGFunctions.h">
      <Filter>Header Dateien\Dialogs</Filter>
    </CustomBuild>
    <CustomBuild Include="qtDLGAssembler.ui">
      <Filter>Form Dateien</Filter>
    </CustomBuild>
    <CustomBuild Include="qtDLGAssembler.h">
      <Filter>Header Dateien\Dialogs</Filter>
    </CustomBuild>
    <CustomBuild Include="qtDLGRegisters.ui">
      <Filter>Form Dateien</Filter>
    </CustomBuild>
    <CustomBuild Include="qtDLGRegisters.h">
      <Filter>Header Dateien\Dialogs</Filter>
    </CustomBuild>
    <CustomBuild Include="qtDLGCallstack.ui">
      <Filter>Form Dateien</Filter>
    </CustomBuild>
    <CustomBuild Include="qtDLGStack.ui">
      <Filter>Form Dateien</Filter>
    </CustomBuild>
    <CustomBuild Include="qtDLGLogView.ui">
      <Filter>Form Dateien</Filter>
    </CustomBuild>
    <CustomBuild Include="clsAppSettings.h">
      <Filter>Header Dateien</Filter>
    </CustomBuild>
    <CustomBuild Include="qtDLGCallstack.h">
      <Filter>Header Dateien\Dialogs</Filter>
    </CustomBuild>
    <CustomBuild Include="qtDLGStack.h">
      <Filter>Header Dateien\Dialogs</Filter>
    </CustomBuild>
    <CustomBuild Include="qtDLGLogView.h">
      <Filter>Header Dateien\Dialogs</Filter>
    </CustomBuild>
    <CustomBuild Include="qtDLGPatchManager.ui">
      <Filter>Form Dateien</Filter>
    </CustomBuild>
    <CustomBuild Include="qtDLGPatchManager.h">
      <Filter>Header Dateien\Dialogs</Filter>
    </CustomBuild>
    <CustomBuild Include="clsStringViewWorker.h">
      <Filter>Header Dateien</Filter>
    </CustomBuild>
    <CustomBuild Include="clsHexViewWorker.h">
      <Filter>Header Dateien</Filter>
    </CustomBuild>
    <CustomBuild Include="clsFunctionsViewWorker.h">
      <Filter>Header Dateien</Filter>
    </CustomBuild>
    <CustomBuild Include="qtDLGProcessPrivilege.ui">
      <Filter>Form Dateien</Filter>
    </CustomBuild>
    <CustomBuild Include="qtDLGProcessPrivilege.h">
      <Filter>Header Dateien\Dialogs</Filter>
    </CustomBuild>
    <CustomBuild Include="qtDLGDisassembler.ui">
      <Filter>Form Dateien</Filter>
    </CustomBuild>
    <CustomBuild Include="qtDLGDisassembler.h">
      <Filter>Header Dateien\Dialogs</Filter>
    </CustomBuild>
    <CustomBuild Include="qtDLGTIBView.ui">
      <Filter>Form Dateien</Filter>
    </CustomBuild>
    <CustomBuild Include="qtDLGTIBView.h">
      <Filter>Header Dateien\Dialogs</Filter>
    </CustomBuild>
    <CustomBuild Include="qtDLGPEBView.ui">
      <Filter>Form Dateien</Filter>
    </CustomBuild>
    <CustomBuild Include="qtDLGPEBView.h">
      <Filter>Header Dateien\Dialogs</Filter>
    </CustomBuild>
    <CustomBuild Include="qtDLGExceptionAsk.ui">
      <Filter>Form Dateien</Filter>
    </CustomBuild>
    <CustomBuild Include="qtDLGExceptionAsk.h">
      <Filter>Header Dateien\Dialogs</Filter>
    </CustomBuild>
    <CustomBuild Include="qtDLGExceptionEdit.ui">
      <Filter>Form Dateien</Filter>
    </CustomBuild>
    <CustomBuild Include="qtDLGExceptionEdit.h">
      <Filter>Header Dateien\Dialogs</Filter>
    </CustomBuild>
    <CustomBuild Include="..\NanomiteUpdater\UpdaterWidget\ucheckupdateswidget.h">
      <Filter>Header Dateien\Updater</Filter>
    </CustomBuild>
    <CustomBuild Include="..\NanomiteUpdater\UpdaterWidget\ufiledownloader.h">
      <Filter>Header Dateien\Updater</Filter>
    </CustomBuild>
    <CustomBuild Include="..\NanomiteUpdater\UpdaterWidget\uupdatesmodel.h">
      <Filter>Header Dateien\Updater</Filter>
    </CustomBuild>
    <CustomBuild Include="..\NanomiteUpdater\UpdaterWidget\uupdatestableview.h">
      <Filter>Header Dateien\Updater</Filter>
    </CustomBuild>
    <CustomBuild Include="..\NanomiteUpdater\UpdaterWidget\uupdatewidget.h">
      <Filter>Header Dateien\Updater</Filter>
    </CustomBuild>
    <CustomBuild Include="..\NanomiteUpdater\UpdaterWidget\mainwindow.ui">
      <Filter>Form Dateien\Updater</Filter>
    </CustomBuild>
    <CustomBuild Include="..\NanomiteUpdater\UpdaterWidget\ucheckupdateswidget.ui">
      <Filter>Form Dateien\Updater</Filter>
    </CustomBuild>
    <CustomBuild Include="..\NanomiteUpdater\UpdaterWidget\uupdatewidget.ui">
      <Filter>Form Dateien\Updater</Filter>
    </CustomBuild>
    <CustomBuild Include="qtDLGOpenNewFile.h">
      <Filter>Header Dateien\Dialogs</Filter>
    </CustomBuild>
    <CustomBuild Include="qtDLGGoToDialog.ui">
      <Filter>Form Dateien</Filter>
    </CustomBuild>
    <CustomBuild Include="qtDLGGoToDialog.h">
      <Filter>Header Dateien\Dialogs</Filter>
    </CustomBuild>
    <CustomBuild Include="clsMemDump.h">
      <Filter>Header Dateien</Filter>
    </CustomBuild>
    <CustomBuild Include="clsBreakpointManager.h">
      <Filter>Header Dateien</Filter>
    </CustomBuild>
  </ItemGroup>
  <ItemGroup>
    <ClInclude Include="NativeHeaders.h">
      <Filter>Header Dateien</Filter>
    </ClInclude>
    <ClInclude Include="clsAPIImport.h">
      <Filter>Header Dateien</Filter>
    </ClInclude>
    <ClInclude Include="clsSymbolAndSyntax.h">
      <Filter>Header Dateien</Filter>
    </ClInclude>
    <ClInclude Include="clsPEFile.h">
      <Filter>Header Dateien</Filter>
    </ClInclude>
    <ClInclude Include="db_sqlite\sqlite3.h">
      <Filter>Header Dateien\SQLite</Filter>
    </ClInclude>
    <ClInclude Include="clsCrashHandler.h">
      <Filter>Header Dateien</Filter>
    </ClInclude>
    <ClInclude Include="db_sqlite\sqlite3ext.h">
      <Filter>Header Dateien\SQLite</Filter>
    </ClInclude>
    <ClInclude Include="clsMemManager.h">
      <Filter>Header Dateien</Filter>
    </ClInclude>
    <ClInclude Include="clsDBManager.h">
      <Filter>Header Dateien</Filter>
    </ClInclude>
    <ClInclude Include="clsMemPool.h">
      <Filter>Header Dateien</Filter>
    </ClInclude>
    <ClInclude Include="resource.h">
      <Filter>Header Dateien</Filter>
    </ClInclude>
    <ClInclude Include="TempOutput\GeneratedFiles\ui_qtDLGNanomite.h">
      <Filter>Generierte Dateien</Filter>
    </ClInclude>
    <ClInclude Include="TempOutput\GeneratedFiles\ui_qtDLGAbout.h">
      <Filter>Generierte Dateien</Filter>
    </ClInclude>
    <ClInclude Include="TempOutput\GeneratedFiles\ui_qtDLGAttach.h">
      <Filter>Generierte Dateien</Filter>
    </ClInclude>
    <ClInclude Include="TempOutput\GeneratedFiles\ui_qtDLGDetailInfo.h">
      <Filter>Generierte Dateien</Filter>
    </ClInclude>
    <ClInclude Include="TempOutput\GeneratedFiles\ui_qtDLGDebugStrings.h">
      <Filter>Generierte Dateien</Filter>
    </ClInclude>
    <ClInclude Include="TempOutput\GeneratedFiles\ui_qtDLGOption.h">
      <Filter>Generierte Dateien</Filter>
    </ClInclude>
    <ClInclude Include="TempOutput\GeneratedFiles\ui_qtDLGBreakPointManager.h">
      <Filter>Generierte Dateien</Filter>
    </ClInclude>
    <ClInclude Include="TempOutput\GeneratedFiles\ui_qtDLGMemoryView.h">
      <Filter>Generierte Dateien</Filter>
    </ClInclude>
    <ClInclude Include="TempOutput\GeneratedFiles\ui_qtDLGHeapView.h">
      <Filter>Generierte Dateien</Filter>
    </ClInclude>
    <ClInclude Include="TempOutput\GeneratedFiles\ui_qtDLGStringView.h">
      <Filter>Generierte Dateien</Filter>
    </ClInclude>
    <ClInclude Include="TempOutput\GeneratedFiles\ui_qtDLGHandleView.h">
      <Filter>Generierte Dateien</Filter>
    </ClInclude>
    <ClInclude Include="TempOutput\GeneratedFiles\ui_qtDLGWindowView.h">
      <Filter>Generierte Dateien</Filter>
    </ClInclude>
    <ClInclude Include="TempOutput\GeneratedFiles\ui_qtDLGHexView.h">
      <Filter>Generierte Dateien</Filter>
    </ClInclude>
    <ClInclude Include="TempOutput\GeneratedFiles\ui_qtDLGRegEdit86.h">
      <Filter>Generierte Dateien</Filter>
    </ClInclude>
    <ClInclude Include="TempOutput\GeneratedFiles\ui_qtDLGRegEdit64.h">
      <Filter>Generierte Dateien</Filter>
    </ClInclude>
    <ClInclude Include="TempOutput\GeneratedFiles\ui_qtDLGPEEditor.h">
      <Filter>Generierte Dateien</Filter>
    </ClInclude>
    <ClInclude Include="TempOutput\GeneratedFiles\ui_qtDLGSourceViewer.h">
      <Filter>Generierte Dateien</Filter>
    </ClInclude>
    <ClInclude Include="TempOutput\GeneratedFiles\ui_qtDLGTrace.h">
      <Filter>Generierte Dateien</Filter>
    </ClInclude>
    <ClInclude Include="TempOutput\GeneratedFiles\ui_qtDLGFunctions.h">
      <Filter>Generierte Dateien</Filter>
    </ClInclude>
    <ClInclude Include="TempOutput\GeneratedFiles\ui_qtDLGAssembler.h">
      <Filter>Generierte Dateien</Filter>
    </ClInclude>
    <ClInclude Include="TempOutput\GeneratedFiles\ui_qtDLGRegisters.h">
      <Filter>Generierte Dateien</Filter>
    </ClInclude>
    <ClInclude Include="TempOutput\GeneratedFiles\ui_qtDLGCallstack.h">
      <Filter>Generierte Dateien</Filter>
    </ClInclude>
    <ClInclude Include="TempOutput\GeneratedFiles\ui_qtDLGStack.h">
      <Filter>Generierte Dateien</Filter>
    </ClInclude>
    <ClInclude Include="TempOutput\GeneratedFiles\ui_qtDLGLogView.h">
      <Filter>Generierte Dateien</Filter>
    </ClInclude>
    <ClInclude Include="TempOutput\GeneratedFiles\ui_qtDLGPatchManager.h">
      <Filter>Generierte Dateien</Filter>
    </ClInclude>
    <ClInclude Include="TempOutput\GeneratedFiles\ui_qtDLGProcessPrivilege.h">
      <Filter>Generierte Dateien</Filter>
    </ClInclude>
    <ClInclude Include="TempOutput\GeneratedFiles\ui_qtDLGDisassembler.h">
      <Filter>Generierte Dateien</Filter>
    </ClInclude>
    <ClInclude Include="TempOutput\GeneratedFiles\ui_qtDLGTIBView.h">
      <Filter>Generierte Dateien</Filter>
    </ClInclude>
    <ClInclude Include="TempOutput\GeneratedFiles\ui_qtDLGPEBView.h">
      <Filter>Generierte Dateien</Filter>
    </ClInclude>
    <ClInclude Include="TempOutput\GeneratedFiles\ui_qtDLGExceptionAsk.h">
      <Filter>Generierte Dateien</Filter>
    </ClInclude>
    <ClInclude Include="TempOutput\GeneratedFiles\ui_qtDLGExceptionEdit.h">
      <Filter>Generierte Dateien</Filter>
    </ClInclude>
    <ClInclude Include="..\NanomiteUpdater\UpdaterWidget\settings.h">
      <Filter>Header Dateien\Updater</Filter>
    </ClInclude>
    <ClInclude Include="..\NanomiteUpdater\UpdaterWidget\updateitem.h">
      <Filter>Header Dateien\Updater</Filter>
    </ClInclude>
    <ClInclude Include="..\NanomiteUpdater\UpdaterWidget\usettingsreader.h">
      <Filter>Header Dateien\Updater</Filter>
    </ClInclude>
    <ClInclude Include="TempOutput\GeneratedFiles\ui_mainwindow.h">
      <Filter>Generierte Dateien</Filter>
    </ClInclude>
    <ClInclude Include="TempOutput\GeneratedFiles\ui_ucheckupdateswidget.h">
      <Filter>Generierte Dateien</Filter>
    </ClInclude>
    <ClInclude Include="TempOutput\GeneratedFiles\ui_uupdatewidget.h">
      <Filter>Generierte Dateien</Filter>
    </ClInclude>
    <ClInclude Include="TempOutput\GeneratedFiles\ui_qtDLGGoToDialog.h">
      <Filter>Generierte Dateien</Filter>
    </ClInclude>
    <ClInclude Include="clsProcessDump.h">
      <Filter>Header Dateien</Filter>
    </ClInclude>
    <ClInclude Include="clsBreakpointSoftware.h">
      <Filter>Header Dateien</Filter>
    </ClInclude>
    <ClInclude Include="clsBreakpointMemory.h">
      <Filter>Header Dateien</Filter>
    </ClInclude>
    <ClInclude Include="clsBreakpointHardware.h">
      <Filter>Header Dateien</Filter>
    </ClInclude>
  </ItemGroup>
  <ItemGroup>
    <None Include="..\readme.md" />
    <None Include="..\changelog.md" />
    <None Include="..\Icons\ID_Privileges.ico">
      <Filter>Resource Dateien</Filter>
    </None>
    <None Include="..\Icons\ID_PatchManager.ico">
      <Filter>Resource Dateien</Filter>
    </None>
    <None Include="..\Icons\ID_Functions.ico">
      <Filter>Resource Dateien</Filter>
    </None>
    <None Include="..\Icons\IDI_STEPOUT.ico">
      <Filter>Resource Dateien</Filter>
    </None>
    <None Include="..\Icons\ID_SHOWTRACE.ico">
      <Filter>Resource Dateien</Filter>
    </None>
    <None Include="..\Icons\IDI_STOPTRACE.ico">
      <Filter>Resource Dateien</Filter>
    </None>
    <None Include="..\Icons\IDI_STARTTRACE.ico">
      <Filter>Resource Dateien</Filter>
    </None>
    <None Include="..\Icons\IDI_STEPB2U.ico">
      <Filter>Resource Dateien</Filter>
    </None>
    <None Include="..\Icons\ID_PEEditor.ico">
      <Filter>Resource Dateien</Filter>
    </None>
    <None Include="..\Icons\450x150.bmp">
      <Filter>Resource Dateien</Filter>
    </None>
    <None Include="..\Icons\ID_BPManager.ico">
      <Filter>Resource Dateien</Filter>
    </None>
    <None Include="..\Icons\ID_DebugString.ico">
      <Filter>Resource Dateien</Filter>
    </None>
    <None Include="..\Icons\ID_Handles.ico">
      <Filter>Resource Dateien</Filter>
    </None>
    <None Include="..\Icons\ID_Heap.ico">
      <Filter>Resource Dateien</Filter>
    </None>
    <None Include="..\Icons\ID_Memory.ico">
      <Filter>Resource Dateien</Filter>
    </None>
    <None Include="..\Icons\ID_showInfo.ico">
      <Filter>Resource Dateien</Filter>
    </None>
    <None Include="..\Icons\ID_Strings.ico">
      <Filter>Resource Dateien</Filter>
    </None>
    <None Include="..\Icons\ID_Windows.ico">
      <Filter>Resource Dateien</Filter>
    </None>
    <None Include="..\Icons\IDI_MAIN.ico">
      <Filter>Resource Dateien</Filter>
    </None>
    <None Include="..\Icons\IDI_RESTART.ico">
      <Filter>Resource Dateien</Filter>
    </None>
    <None Include="..\Icons\IDI_START.ico">
      <Filter>Resource Dateien</Filter>
    </None>
    <None Include="..\Icons\IDI_STEPIN.ico">
      <Filter>Resource Dateien</Filter>
    </None>
    <None Include="..\Icons\IDI_STEPOVER.ico">
      <Filter>Resource Dateien</Filter>
    </None>
    <None Include="..\Icons\IDI_STOP.ico">
      <Filter>Resource Dateien</Filter>
    </None>
    <None Include="..\Icons\IDI_SUSPEND.ico">
      <Filter>Resource Dateien</Filter>
    </None>
    <None Include="..\Fonts\consola.ttf">
      <Filter>Resource Dateien</Filter>
    </None>
    <None Include="..\Fonts\SourceCodePro-Regular.ttf">
      <Filter>Resource Dateien</Filter>
    </None>
  </ItemGroup>
  <ItemGroup>
    <ResourceCompile Include="qtNanomite.rc" />
  </ItemGroup>
</Project>